# THIS IS AN AUTOGENERATED FILE. DO NOT EDIT THIS FILE DIRECTLY.
# yarn lockfile v1


coc.nvim@^0.0.83-next.9:
  version "0.0.83-next.9"
  resolved "https://registry.yarnpkg.com/coc.nvim/-/coc.nvim-0.0.83-next.9.tgz#8f7de8c98fa37019286852d3b7229fb91517ab83"
  integrity sha512-ek5+EgA9N92/6Wt07TAYpavmBgXZto4Dmwmm56oyBl/w4wy3Tod7LfpCp4k9M4xCxhxPtrflIcxvhdDUPIeMuw==
